// !$*UTF8*$!
{
	archiveVersion = 1;
	classes = {
	};
	objectVersion = 44;
	objects = {

/* Begin PBXBuildFile section */
		4F18350B0BBB2D31000E239F /* GData.framework in CopyFiles */ = {isa = PBXBuildFile; fileRef = 4FAB41B30BAA215D00FBBDC9 /* GData.framework */; };
		4F25EBAD0BEA8466007C0836 /* EditACLWindowController.m in Sources */ = {isa = PBXBuildFile; fileRef = 4F25EBAB0BEA8466007C0836 /* EditACLWindowController.m */; };
		4F38F5900B66E14800B24B81 /* CalendarSampleWindowController.m in Sources */ = {isa = PBXBuildFile; fileRef = 4F38F58F0B66E14800B24B81 /* CalendarSampleWindowController.m */; };
		4F38F5D20B66E1BA00B24B81 /* CalendarSampleAppController.m in Sources */ = {isa = PBXBuildFile; fileRef = 4F38F5D10B66E1BA00B24B81 /* CalendarSampleAppController.m */; };
		4F38FAB70B683F1C00B24B81 /* EditEventWindowController.m in Sources */ = {isa = PBXBuildFile; fileRef = 4F38FAB50B683F1C00B24B81 /* EditEventWindowController.m */; };
		4FA6F2C81034AB7100C5DFA5 /* EditEventWindow.xib in Resources */ = {isa = PBXBuildFile; fileRef = 4FA6F2C01034AB7100C5DFA5 /* EditEventWindow.xib */; };
		4FA6F2C91034AB7100C5DFA5 /* EditACLWindow.xib in Resources */ = {isa = PBXBuildFile; fileRef = 4FA6F2C21034AB7100C5DFA5 /* EditACLWindow.xib */; };
		4FA6F2CA1034AB7100C5DFA5 /* MainMenu.xib in Resources */ = {isa = PBXBuildFile; fileRef = 4FA6F2C41034AB7100C5DFA5 /* MainMenu.xib */; };
		4FA6F2CB1034AB7100C5DFA5 /* CalendarSampleWindow.xib in Resources */ = {isa = PBXBuildFile; fileRef = 4FA6F2C61034AB7100C5DFA5 /* CalendarSampleWindow.xib */; };
		4FAB41E10BAA22C000FBBDC9 /* GData.framework in Frameworks */ = {isa = PBXBuildFile; fileRef = 4FAB41B30BAA215D00FBBDC9 /* GData.framework */; };
		8D11072B0486CEB800E47090 /* InfoPlist.strings in Resources */ = {isa = PBXBuildFile; fileRef = 089C165CFE840E0CC02AAC07 /* InfoPlist.strings */; };
		8D11072D0486CEB800E47090 /* main.m in Sources */ = {isa = PBXBuildFile; fileRef = 29B97316FDCFA39411CA2CEA /* main.m */; settings = {ATTRIBUTES = (); }; };
		8D11072F0486CEB800E47090 /* Cocoa.framework in Frameworks */ = {isa = PBXBuildFile; fileRef = 1058C7A1FEA54F0111CA2CBB /* Cocoa.framework */; };
/* End PBXBuildFile section */

/* Begin PBXContainerItemProxy section */
		4F7AAFA110AB88D90075EB10 /* PBXContainerItemProxy */ = {
			isa = PBXContainerItemProxy;
			containerPortal = 4FAB41AC0BAA215D00FBBDC9 /* GData.xcodeproj */;
			proxyType = 2;
			remoteGlobalIDString = 4F85E018103B83B700B4C418 /* GDataIPhoneUnitTests.octest */;
			remoteInfo = GDataIPhoneUnitTests;
		};
		4FA6F2BC1034AB5F00C5DFA5 /* PBXContainerItemProxy */ = {
			isa = PBXContainerItemProxy;
			containerPortal = 4FAB41AC0BAA215D00FBBDC9 /* GData.xcodeproj */;
			proxyType = 2;
			remoteGlobalIDString = 4F1C6E0F1027B3CE00B46459;
			remoteInfo = GDataTouchStaticLib;
		};
		4FAB41B20BAA215D00FBBDC9 /* PBXContainerItemProxy */ = {
			isa = PBXContainerItemProxy;
			containerPortal = 4FAB41AC0BAA215D00FBBDC9 /* GData.xcodeproj */;
			proxyType = 2;
			remoteGlobalIDString = 4F38F6A60B66E91D00B24B81;
			remoteInfo = GDataFramework;
		};
		4FAB41B40BAA215D00FBBDC9 /* PBXContainerItemProxy */ = {
			isa = PBXContainerItemProxy;
			containerPortal = 4FAB41AC0BAA215D00FBBDC9 /* GData.xcodeproj */;
			proxyType = 2;
			remoteGlobalIDString = 4F14A9DD0B1276B70072EBB8;
			remoteInfo = GDataUnitTests;
		};
		4FAB41B60BAA215D00FBBDC9 /* PBXContainerItemProxy */ = {
			isa = PBXContainerItemProxy;
			containerPortal = 4FAB41AC0BAA215D00FBBDC9 /* GData.xcodeproj */;
			proxyType = 2;
			remoteGlobalIDString = 4F1AD9020B71603F00DC0485;
			remoteInfo = DevelopmentTestTool;
		};
		4FAB41B80BAA217500FBBDC9 /* PBXContainerItemProxy */ = {
			isa = PBXContainerItemProxy;
			containerPortal = 4FAB41AC0BAA215D00FBBDC9 /* GData.xcodeproj */;
			proxyType = 1;
			remoteGlobalIDString = 4F38F6A50B66E91D00B24B81;
			remoteInfo = GDataFramework;
		};
/* End PBXContainerItemProxy section */

/* Begin PBXCopyFilesBuildPhase section */
		4F38F8970B66FAB700B24B81 /* CopyFiles */ = {
			isa = PBXCopyFilesBuildPhase;
			buildActionMask = 2147483647;
			dstPath = "";
			dstSubfolderSpec = 10;
			files = (
				4F18350B0BBB2D31000E239F /* GData.framework in CopyFiles */,
			);
			runOnlyForDeploymentPostprocessing = 0;
		};
/* End PBXCopyFilesBuildPhase section */

/* Begin PBXFileReference section */
		089C165DFE840E0CC02AAC07 /* English */ = {isa = PBXFileReference; fileEncoding = 10; lastKnownFileType = text.plist.strings; name = English; path = English.lproj/InfoPlist.strings; sourceTree = "<group>"; };
		1058C7A1FEA54F0111CA2CBB /* Cocoa.framework */ = {isa = PBXFileReference; lastKnownFileType = wrapper.framework; name = Cocoa.framework; path = /System/Library/Frameworks/Cocoa.framework; sourceTree = "<absolute>"; };
		13E42FB307B3F0F600E4EEF1 /* CoreData.framework */ = {isa = PBXFileReference; lastKnownFileType = wrapper.framework; name = CoreData.framework; path = /System/Library/Frameworks/CoreData.framework; sourceTree = "<absolute>"; };
		29B97316FDCFA39411CA2CEA /* main.m */ = {isa = PBXFileReference; fileEncoding = 4; lastKnownFileType = sourcecode.c.objc; path = main.m; sourceTree = "<group>"; };
		29B97324FDCFA39411CA2CEA /* AppKit.framework */ = {isa = PBXFileReference; lastKnownFileType = wrapper.framework; name = AppKit.framework; path = /System/Library/Frameworks/AppKit.framework; sourceTree = "<absolute>"; };
		29B97325FDCFA39411CA2CEA /* Foundation.framework */ = {isa = PBXFileReference; lastKnownFileType = wrapper.framework; name = Foundation.framework; path = /System/Library/Frameworks/Foundation.framework; sourceTree = "<absolute>"; };
		32CA4F630368D1EE00C91783 /* CalendarSample_Prefix.pch */ = {isa = PBXFileReference; fileEncoding = 4; lastKnownFileType = sourcecode.c.h; path = CalendarSample_Prefix.pch; sourceTree = "<group>"; };
		4F25EBAB0BEA8466007C0836 /* EditACLWindowController.m */ = {isa = PBXFileReference; fileEncoding = 30; lastKnownFileType = sourcecode.c.objc; path = EditACLWindowController.m; sourceTree = "<group>"; };
		4F25EBAC0BEA8466007C0836 /* EditACLWindowController.h */ = {isa = PBXFileReference; fileEncoding = 30; lastKnownFileType = sourcecode.c.h; path = EditACLWindowController.h; sourceTree = "<group>"; };
		4F38F58E0B66E14800B24B81 /* CalendarSampleWindowController.h */ = {isa = PBXFileReference; fileEncoding = 4; lastKnownFileType = sourcecode.c.h; path = CalendarSampleWindowController.h; sourceTree = "<group>"; };
		4F38F58F0B66E14800B24B81 /* CalendarSampleWindowController.m */ = {isa = PBXFileReference; fileEncoding = 4; lastKnownFileType = sourcecode.c.objc; path = CalendarSampleWindowController.m; sourceTree = "<group>"; };
		4F38F5D00B66E1BA00B24B81 /* CalendarSampleAppController.h */ = {isa = PBXFileReference; fileEncoding = 4; lastKnownFileType = sourcecode.c.h; path = CalendarSampleAppController.h; sourceTree = "<group>"; };
		4F38F5D10B66E1BA00B24B81 /* CalendarSampleAppController.m */ = {isa = PBXFileReference; fileEncoding = 4; lastKnownFileType = sourcecode.c.objc; path = CalendarSampleAppController.m; sourceTree = "<group>"; };
		4F38FAB40B683F1C00B24B81 /* EditEventWindowController.h */ = {isa = PBXFileReference; fileEncoding = 4; lastKnownFileType = sourcecode.c.h; path = EditEventWindowController.h; sourceTree = "<group>"; };
		4F38FAB50B683F1C00B24B81 /* EditEventWindowController.m */ = {isa = PBXFileReference; fileEncoding = 4; lastKnownFileType = sourcecode.c.objc; path = EditEventWindowController.m; sourceTree = "<group>"; };
		4FA6F2C11034AB7100C5DFA5 /* English */ = {isa = PBXFileReference; lastKnownFileType = file.xib; name = English; path = English.lproj/EditEventWindow.xib; sourceTree = "<group>"; };
		4FA6F2C31034AB7100C5DFA5 /* English */ = {isa = PBXFileReference; lastKnownFileType = file.xib; name = English; path = English.lproj/EditACLWindow.xib; sourceTree = "<group>"; };
		4FA6F2C51034AB7100C5DFA5 /* English */ = {isa = PBXFileReference; lastKnownFileType = file.xib; name = English; path = English.lproj/MainMenu.xib; sourceTree = "<group>"; };
		4FA6F2C71034AB7100C5DFA5 /* English */ = {isa = PBXFileReference; lastKnownFileType = file.xib; name = English; path = English.lproj/CalendarSampleWindow.xib; sourceTree = "<group>"; };
		4FAB41AC0BAA215D00FBBDC9 /* GData.xcodeproj */ = {isa = PBXFileReference; lastKnownFileType = "wrapper.pb-project"; name = GData.xcodeproj; path = ../../Source/GData.xcodeproj; sourceTree = SOURCE_ROOT; };
		4FD0F04B0CBC5C5600059DC1 /* buildCopyScript */ = {isa = PBXFileReference; fileEncoding = 30; lastKnownFileType = text.script.sh; path = buildCopyScript; sourceTree = "<group>"; };
		4FD0F04C0CBC5C5600059DC1 /* buildStripHeaders */ = {isa = PBXFileReference; fileEncoding = 30; lastKnownFileType = text.script.sh; path = buildStripHeaders; sourceTree = "<group>"; };
		8D1107310486CEB800E47090 /* Info.plist */ = {isa = PBXFileReference; fileEncoding = 4; lastKnownFileType = text.plist; path = Info.plist; sourceTree = "<group>"; };
		8D1107320486CEB800E47090 /* CalendarSample.app */ = {isa = PBXFileReference; explicitFileType = wrapper.application; includeInIndex = 0; path = CalendarSample.app; sourceTree = BUILT_PRODUCTS_DIR; };
/* End PBXFileReference section */

/* Begin PBXFrameworksBuildPhase section */
		8D11072E0486CEB800E47090 /* Frameworks */ = {
			isa = PBXFrameworksBuildPhase;
			buildActionMask = 2147483647;
			files = (
				4FAB41E10BAA22C000FBBDC9 /* GData.framework in Frameworks */,
				8D11072F0486CEB800E47090 /* Cocoa.framework in Frameworks */,
			);
			runOnlyForDeploymentPostprocessing = 0;
		};
/* End PBXFrameworksBuildPhase section */

/* Begin PBXGroup section */
		080E96DDFE201D6D7F000001 /* Classes */ = {
			isa = PBXGroup;
			children = (
				4F38F5D00B66E1BA00B24B81 /* CalendarSampleAppController.h */,
				4F38F5D10B66E1BA00B24B81 /* CalendarSampleAppController.m */,
				4F38F58E0B66E14800B24B81 /* CalendarSampleWindowController.h */,
				4F38F58F0B66E14800B24B81 /* CalendarSampleWindowController.m */,
				4F38FAB40B683F1C00B24B81 /* EditEventWindowController.h */,
				4F38FAB50B683F1C00B24B81 /* EditEventWindowController.m */,
				4F25EBAB0BEA8466007C0836 /* EditACLWindowController.m */,
				4F25EBAC0BEA8466007C0836 /* EditACLWindowController.h */,
			);
			name = Classes;
			sourceTree = "<group>";
		};
		1058C7A0FEA54F0111CA2CBB /* Linked Frameworks */ = {
			isa = PBXGroup;
			children = (
				1058C7A1FEA54F0111CA2CBB /* Cocoa.framework */,
			);
			name = "Linked Frameworks";
			sourceTree = "<group>";
		};
		1058C7A2FEA54F0111CA2CBB /* Other Frameworks */ = {
			isa = PBXGroup;
			children = (
				29B97324FDCFA39411CA2CEA /* AppKit.framework */,
				13E42FB307B3F0F600E4EEF1 /* CoreData.framework */,
				29B97325FDCFA39411CA2CEA /* Foundation.framework */,
			);
			name = "Other Frameworks";
			sourceTree = "<group>";
		};
		19C28FACFE9D520D11CA2CBB /* Products */ = {
			isa = PBXGroup;
			children = (
				8D1107320486CEB800E47090 /* CalendarSample.app */,
			);
			name = Products;
			sourceTree = "<group>";
		};
		29B97314FDCFA39411CA2CEA /* CalendarSample */ = {
			isa = PBXGroup;
			children = (
				4FAB41AC0BAA215D00FBBDC9 /* GData.xcodeproj */,
				080E96DDFE201D6D7F000001 /* Classes */,
				29B97315FDCFA39411CA2CEA /* Other Sources */,
				29B97317FDCFA39411CA2CEA /* Resources */,
				4FD0F0480CBC5C4100059DC1 /* Build Scripts */,
				29B97323FDCFA39411CA2CEA /* Frameworks */,
				19C28FACFE9D520D11CA2CBB /* Products */,
			);
			name = CalendarSample;
			sourceTree = "<group>";
		};
		29B97315FDCFA39411CA2CEA /* Other Sources */ = {
			isa = PBXGroup;
			children = (
				32CA4F630368D1EE00C91783 /* CalendarSample_Prefix.pch */,
				29B97316FDCFA39411CA2CEA /* main.m */,
			);
			name = "Other Sources";
			sourceTree = "<group>";
		};
		29B97317FDCFA39411CA2CEA /* Resources */ = {
			isa = PBXGroup;
			children = (
				4FA6F2C41034AB7100C5DFA5 /* MainMenu.xib */,
				4FA6F2C61034AB7100C5DFA5 /* CalendarSampleWindow.xib */,
				4FA6F2C01034AB7100C5DFA5 /* EditEventWindow.xib */,
				4FA6F2C21034AB7100C5DFA5 /* EditACLWindow.xib */,
				8D1107310486CEB800E47090 /* Info.plist */,
				089C165CFE840E0CC02AAC07 /* InfoPlist.strings */,
			);
			name = Resources;
			sourceTree = "<group>";
		};
		29B97323FDCFA39411CA2CEA /* Frameworks */ = {
			isa = PBXGroup;
			children = (
				1058C7A0FEA54F0111CA2CBB /* Linked Frameworks */,
				1058C7A2FEA54F0111CA2CBB /* Other Frameworks */,
			);
			name = Frameworks;
			sourceTree = "<group>";
		};
		4FAB41AD0BAA215D00FBBDC9 /* Products */ = {
			isa = PBXGroup;
			children = (
				4FAB41B30BAA215D00FBBDC9 /* GData.framework */,
				4FA6F2BD1034AB5F00C5DFA5 /* libGDataTouchStaticLib.a */,
				4FAB41B50BAA215D00FBBDC9 /* GDataUnitTests.octest */,
				4F7AAFA210AB88D90075EB10 /* GDataIPhoneUnitTests.octest */,
				4FAB41B70BAA215D00FBBDC9 /* DevelopmentTestTool */,
			);
			name = Products;
			sourceTree = "<group>";
		};
		4FD0F0480CBC5C4100059DC1 /* Build Scripts */ = {
			isa = PBXGroup;
			children = (
				4FD0F04B0CBC5C5600059DC1 /* buildCopyScript */,
				4FD0F04C0CBC5C5600059DC1 /* buildStripHeaders */,
			);
			name = "Build Scripts";
			sourceTree = "<group>";
		};
/* End PBXGroup section */

/* Begin PBXNativeTarget section */
		8D1107260486CEB800E47090 /* CalendarSample */ = {
			isa = PBXNativeTarget;
			buildConfigurationList = C01FCF4A08A954540054247B /* Build configuration list for PBXNativeTarget "CalendarSample" */;
			buildPhases = (
				4FAB41C50BAA21B600FBBDC9 /* Copy GData.framework to BUILT_PRODUCTS_DIR */,
				8D1107290486CEB800E47090 /* Resources */,
				8D11072C0486CEB800E47090 /* Sources */,
				8D11072E0486CEB800E47090 /* Frameworks */,
				4F38F8970B66FAB700B24B81 /* CopyFiles */,
				4FD0F0620CBC5C8A00059DC1 /* Strip Headers */,
			);
			buildRules = (
			);
			dependencies = (
				4FAB41B90BAA217500FBBDC9 /* PBXTargetDependency */,
			);
			name = CalendarSample;
			productInstallPath = "$(HOME)/Applications";
			productName = CalendarSample;
			productReference = 8D1107320486CEB800E47090 /* CalendarSample.app */;
			productType = "com.apple.product-type.application";
		};
/* End PBXNativeTarget section */

/* Begin PBXProject section */
		29B97313FDCFA39411CA2CEA /* Project object */ = {
			isa = PBXProject;
			buildConfigurationList = C01FCF4E08A954540054247B /* Build configuration list for PBXProject "CalendarSample" */;
			compatibilityVersion = "Xcode 3.0";
			hasScannedForEncodings = 1;
			mainGroup = 29B97314FDCFA39411CA2CEA /* CalendarSample */;
			projectDirPath = "";
			projectReferences = (
				{
					ProductGroup = 4FAB41AD0BAA215D00FBBDC9 /* Products */;
					ProjectRef = 4FAB41AC0BAA215D00FBBDC9 /* GData.xcodeproj */;
				},
			);
			targets = (
				8D1107260486CEB800E47090 /* CalendarSample */,
			);
		};
/* End PBXProject section */

/* Begin PBXReferenceProxy section */
		4F7AAFA210AB88D90075EB10 /* GDataIPhoneUnitTests.octest */ = {
			isa = PBXReferenceProxy;
			fileType = wrapper.cfbundle;
			path = GDataIPhoneUnitTests.octest;
			remoteRef = 4F7AAFA110AB88D90075EB10 /* PBXContainerItemProxy */;
			sourceTree = BUILT_PRODUCTS_DIR;
		};
		4FA6F2BD1034AB5F00C5DFA5 /* libGDataTouchStaticLib.a */ = {
			isa = PBXReferenceProxy;
			fileType = archive.ar;
			path = libGDataTouchStaticLib.a;
			remoteRef = 4FA6F2BC1034AB5F00C5DFA5 /* PBXContainerItemProxy */;
			sourceTree = BUILT_PRODUCTS_DIR;
		};
		4FAB41B30BAA215D00FBBDC9 /* GData.framework */ = {
			isa = PBXReferenceProxy;
			fileType = wrapper.framework;
			path = GData.framework;
			remoteRef = 4FAB41B20BAA215D00FBBDC9 /* PBXContainerItemProxy */;
			sourceTree = BUILT_PRODUCTS_DIR;
		};
		4FAB41B50BAA215D00FBBDC9 /* GDataUnitTests.octest */ = {
			isa = PBXReferenceProxy;
			fileType = wrapper.cfbundle;
			path = GDataUnitTests.octest;
			remoteRef = 4FAB41B40BAA215D00FBBDC9 /* PBXContainerItemProxy */;
			sourceTree = BUILT_PRODUCTS_DIR;
		};
		4FAB41B70BAA215D00FBBDC9 /* DevelopmentTestTool */ = {
			isa = PBXReferenceProxy;
			fileType = "compiled.mach-o.executable";
			path = DevelopmentTestTool;
			remoteRef = 4FAB41B60BAA215D00FBBDC9 /* PBXContainerItemProxy */;
			sourceTree = BUILT_PRODUCTS_DIR;
		};
/* End PBXReferenceProxy section */

/* Begin PBXResourcesBuildPhase section */
		8D1107290486CEB800E47090 /* Resources */ = {
			isa = PBXResourcesBuildPhase;
			buildActionMask = 2147483647;
			files = (
				8D11072B0486CEB800E47090 /* InfoPlist.strings in Resources */,
				4FA6F2C81034AB7100C5DFA5 /* EditEventWindow.xib in Resources */,
				4FA6F2C91034AB7100C5DFA5 /* EditACLWindow.xib in Resources */,
				4FA6F2CA1034AB7100C5DFA5 /* MainMenu.xib in Resources */,
				4FA6F2CB1034AB7100C5DFA5 /* CalendarSampleWindow.xib in Resources */,
			);
			runOnlyForDeploymentPostprocessing = 0;
		};
/* End PBXResourcesBuildPhase section */

/* Begin PBXShellScriptBuildPhase section */
		4FAB41C50BAA21B600FBBDC9 /* Copy GData.framework to BUILT_PRODUCTS_DIR */ = {
			isa = PBXShellScriptBuildPhase;
			buildActionMask = 2147483647;
			files = (
			);
			inputPaths = (
			);
			name = "Copy GData.framework to BUILT_PRODUCTS_DIR";
			outputPaths = (
			);
			runOnlyForDeploymentPostprocessing = 0;
			shellPath = /bin/sh;
			shellScript = ./buildCopyScript;
		};
		4FD0F0620CBC5C8A00059DC1 /* Strip Headers */ = {
			isa = PBXShellScriptBuildPhase;
			buildActionMask = 2147483647;
			files = (
			);
			inputPaths = (
			);
			name = "Strip Headers";
			outputPaths = (
			);
			runOnlyForDeploymentPostprocessing = 0;
			shellPath = /bin/sh;
			shellScript = ./buildStripHeaders;
		};
/* End PBXShellScriptBuildPhase section */

/* Begin PBXSourcesBuildPhase section */
		8D11072C0486CEB800E47090 /* Sources */ = {
			isa = PBXSourcesBuildPhase;
			buildActionMask = 2147483647;
			files = (
				8D11072D0486CEB800E47090 /* main.m in Sources */,
				4F38F5900B66E14800B24B81 /* CalendarSampleWindowController.m in Sources */,
				4F38F5D20B66E1BA00B24B81 /* CalendarSampleAppController.m in Sources */,
				4F38FAB70B683F1C00B24B81 /* EditEventWindowController.m in Sources */,
				4F25EBAD0BEA8466007C0836 /* EditACLWindowController.m in Sources */,
			);
			runOnlyForDeploymentPostprocessing = 0;
		};
/* End PBXSourcesBuildPhase section */

/* Begin PBXTargetDependency section */
		4FAB41B90BAA217500FBBDC9 /* PBXTargetDependency */ = {
			isa = PBXTargetDependency;
			name = GDataFramework;
			targetProxy = 4FAB41B80BAA217500FBBDC9 /* PBXContainerItemProxy */;
		};
/* End PBXTargetDependency section */

/* Begin PBXVariantGroup section */
		089C165CFE840E0CC02AAC07 /* InfoPlist.strings */ = {
			isa = PBXVariantGroup;
			children = (
				089C165DFE840E0CC02AAC07 /* English */,
			);
			name = InfoPlist.strings;
			sourceTree = "<group>";
		};
		4FA6F2C01034AB7100C5DFA5 /* EditEventWindow.xib */ = {
			isa = PBXVariantGroup;
			children = (
				4FA6F2C11034AB7100C5DFA5 /* English */,
			);
			name = EditEventWindow.xib;
			sourceTree = "<group>";
		};
		4FA6F2C21034AB7100C5DFA5 /* EditACLWindow.xib */ = {
			isa = PBXVariantGroup;
			children = (
				4FA6F2C31034AB7100C5DFA5 /* English */,
			);
			name = EditACLWindow.xib;
			sourceTree = "<group>";
		};
		4FA6F2C41034AB7100C5DFA5 /* MainMenu.xib */ = {
			isa = PBXVariantGroup;
			children = (
				4FA6F2C51034AB7100C5DFA5 /* English */,
			);
			name = MainMenu.xib;
			sourceTree = "<group>";
		};
		4FA6F2C61034AB7100C5DFA5 /* CalendarSampleWindow.xib */ = {
			isa = PBXVariantGroup;
			children = (
				4FA6F2C71034AB7100C5DFA5 /* English */,
			);
			name = CalendarSampleWindow.xib;
			sourceTree = "<group>";
		};
/* End PBXVariantGroup section */

/* Begin XCBuildConfiguration section */
		C01FCF4B08A954540054247B /* Debug */ = {
			isa = XCBuildConfiguration;
			buildSettings = {
				COPY_PHASE_STRIP = NO;
				FRAMEWORK_SEARCH_PATHS = (
					"$(inherited)",
					"$(FRAMEWORK_SEARCH_PATHS_QUOTED_1)",
				);
				FRAMEWORK_SEARCH_PATHS_QUOTED_1 = "\"$(SRCROOT)/../../Source/build/$(CONFIGURATION)/";
				GCC_DYNAMIC_NO_PIC = NO;
				GCC_ENABLE_FIX_AND_CONTINUE = YES;
				GCC_MODEL_TUNING = G5;
				GCC_OPTIMIZATION_LEVEL = 0;
				INFOPLIST_FILE = Info.plist;
				INSTALL_PATH = "$(HOME)/Applications";
				PRODUCT_NAME = CalendarSample;
				WRAPPER_EXTENSION = app;
				ZERO_LINK = NO;
			};
			name = Debug;
		};
		C01FCF4C08A954540054247B /* Release */ = {
			isa = XCBuildConfiguration;
			buildSettings = {
				ARCHS = (
					ppc,
					i386,
				);
				FRAMEWORK_SEARCH_PATHS = (
					"$(inherited)",
					"$(FRAMEWORK_SEARCH_PATHS_QUOTED_1)",
				);
				FRAMEWORK_SEARCH_PATHS_QUOTED_1 = "\"$(SRCROOT)/../../Source/build/$(CONFIGURATION)/";
				GCC_GENERATE_DEBUGGING_SYMBOLS = NO;
				GCC_MODEL_TUNING = G5;
				INFOPLIST_FILE = Info.plist;
				INSTALL_PATH = "$(HOME)/Applications";
				PRODUCT_NAME = CalendarSample;
				WRAPPER_EXTENSION = app;
				ZERO_LINK = NO;
			};
			name = Release;
		};
		C01FCF4F08A954540054247B /* Debug */ = {
			isa = XCBuildConfiguration;
			buildSettings = {
				GCC_C_LANGUAGE_STANDARD = c99;
				GCC_TREAT_WARNINGS_AS_ERRORS = YES;
				GCC_WARN_ABOUT_RETURN_TYPE = YES;
				GCC_WARN_UNUSED_VARIABLE = YES;
				OTHER_CFLAGS = "-DDEBUG=1";
				PREBINDING = NO;
				SDKROOT = "$(DEVELOPER_SDK_DIR)/MacOSX10.5.sdk";
				WARNING_CFLAGS = "-Wall";
			};
			name = Debug;
		};
		C01FCF5008A954540054247B /* Release */ = {
			isa = XCBuildConfiguration;
			buildSettings = {
				GCC_C_LANGUAGE_STANDARD = c99;
				GCC_TREAT_WARNINGS_AS_ERRORS = YES;
				GCC_WARN_ABOUT_RETURN_TYPE = YES;
				GCC_WARN_UNUSED_VARIABLE = YES;
				PREBINDING = NO;
				SDKROOT = "$(DEVELOPER_SDK_DIR)/MacOSX10.5.sdk";
				WARNING_CFLAGS = "-Wall";
			};
			name = Release;
		};
/* End XCBuildConfiguration section */

/* Begin XCConfigurationList section */
		C01FCF4A08A954540054247B /* Build configuration list for PBXNativeTarget "CalendarSample" */ = {
			isa = XCConfigurationList;
			buildConfigurations = (
				C01FCF4B08A954540054247B /* Debug */,
				C01FCF4C08A954540054247B /* Release */,
			);
			defaultConfigurationIsVisible = 0;
			defaultConfigurationName = Release;
		};
		C01FCF4E08A954540054247B /* Build configuration list for PBXProject "CalendarSample" */ = {
			isa = XCConfigurationList;
			buildConfigurations = (
				C01FCF4F08A954540054247B /* Debug */,
				C01FCF5008A954540054247B /* Release */,
			);
			defaultConfigurationIsVisible = 0;
			defaultConfigurationName = Release;
		};
/* End XCConfigurationList section */
	};
	rootObject = 29B97313FDCFA39411CA2CEA /* Project object */;
}
